<?xml version="1.0" encoding="utf-8"?>
<Project ToolsVersion="4.0" xmlns="http://schemas.microsoft.com/developer/msbuild/2003">
  <ItemGroup>
    <Filter Include="Network">
      <UniqueIdentifier>{b16f5c81-52fd-4824-b6bb-e688db9e9bf6}</UniqueIdentifier>
    </Filter>
    <Filter Include="Utils">
      <UniqueIdentifier>{270cf4b7-0877-461e-b988-211ad13bee98}</UniqueIdentifier>
    </Filter>
    <Filter Include="Main">
      <UniqueIdentifier>{7f710216-86ed-47a8-962e-0fb1eddeba52}</UniqueIdentifier>
    </Filter>
    <Filter Include="Thread">
      <UniqueIdentifier>{a5fdb399-dc51-4ed4-82f1-6dc812b1dcb4}</UniqueIdentifier>
    </Filter>
    <Filter Include="Network\Lock">
      <UniqueIdentifier>{aa568c1a-9851-4953-8b28-9c797636c99c}</UniqueIdentifier>
    </Filter>
    <Filter Include="Memory">
      <UniqueIdentifier>{c64355ea-2ccf-49c8-b7b0-22c9e6a1eaf2}</UniqueIdentifier>
    </Filter>
    <Filter Include="Network\Socket">
      <UniqueIdentifier>{3c9d324f-4dec-4884-9578-dfd8de26b7d7}</UniqueIdentifier>
    </Filter>
    <Filter Include="Network\Server">
      <UniqueIdentifier>{bfd678a4-ce72-4224-805b-42b147704949}</UniqueIdentifier>
    </Filter>
    <Filter Include="Network\Session">
      <UniqueIdentifier>{e62264f3-abd3-4f4e-ad3b-82208f679f50}</UniqueIdentifier>
    </Filter>
    <Filter Include="Network\Service">
      <UniqueIdentifier>{4cd09d6a-fce0-41fa-8f79-1289b72693a4}</UniqueIdentifier>
    </Filter>
    <Filter Include="Network\Buffer">
      <UniqueIdentifier>{86c524c6-028b-4138-96b3-b853419ad8c1}</UniqueIdentifier>
    </Filter>
  </ItemGroup>
  <ItemGroup>
    <ClInclude Include="CorePch.h">
      <Filter>Main</Filter>
    </ClInclude>
    <ClInclude Include="pch.h">
      <Filter>Main</Filter>
    </ClInclude>
    <ClInclude Include="Types.h">
      <Filter>Main</Filter>
    </ClInclude>
    <ClInclude Include="CoreMacro.h">
      <Filter>Main</Filter>
    </ClInclude>
    <ClInclude Include="CoreGlobal.h">
      <Filter>Main</Filter>
    </ClInclude>
    <ClInclude Include="CoreTLS.h">
      <Filter>Main</Filter>
    </ClInclude>
    <ClInclude Include="ThreadManager.h">
      <Filter>Thread</Filter>
    </ClInclude>
    <ClInclude Include="Lock.h">
      <Filter>Network\Lock</Filter>
    </ClInclude>
    <ClInclude Include="DeadLockProfiler.h">
      <Filter>Network\Lock</Filter>
    </ClInclude>
    <ClInclude Include="RefCounting.h">
      <Filter>Memory</Filter>
    </ClInclude>
    <ClInclude Include="Memory.h">
      <Filter>Memory</Filter>
    </ClInclude>
    <ClInclude Include="Allocator.h">
      <Filter>Memory</Filter>
    </ClInclude>
    <ClInclude Include="Container.h">
      <Filter>Memory</Filter>
    </ClInclude>
    <ClInclude Include="MemoryPool.h">
      <Filter>Memory</Filter>
    </ClInclude>
    <ClInclude Include="ObjectPool.h">
      <Filter>Memory</Filter>
    </ClInclude>
    <ClInclude Include="TypeCast.h">
      <Filter>Memory</Filter>
    </ClInclude>
    <ClInclude Include="SocketUtils.h">
      <Filter>Network\Socket</Filter>
    </ClInclude>
    <ClInclude Include="NetAddress.h">
      <Filter>Network</Filter>
    </ClInclude>
    <ClInclude Include="IocpCore.h">
      <Filter>Network\Server</Filter>
    </ClInclude>
    <ClInclude Include="IocpEvent.h">
      <Filter>Network\Server</Filter>
    </ClInclude>
    <ClInclude Include="Listener.h">
      <Filter>Network\Socket</Filter>
    </ClInclude>
    <ClInclude Include="Session.h">
      <Filter>Network\Session</Filter>
    </ClInclude>
    <ClInclude Include="Service.h">
      <Filter>Network\Service</Filter>
    </ClInclude>
    <ClInclude Include="RecvBuffer.h">
      <Filter>Network\Buffer</Filter>
    </ClInclude>
    <ClInclude Include="SendBuffer.h">
      <Filter>Network\Buffer</Filter>
    </ClInclude>
    <ClInclude Include="PacketSession.h">
      <Filter>Network\Session</Filter>
    </ClInclude>
  </ItemGroup>
  <ItemGroup>
    <ClCompile Include="CorePch.cpp">
      <Filter>Main</Filter>
    </ClCompile>
    <ClCompile Include="pch.cpp">
      <Filter>Main</Filter>
    </ClCompile>
    <ClCompile Include="CoreGlobal.cpp">
      <Filter>Main</Filter>
    </ClCompile>
    <ClCompile Include="CoreTLS.cpp">
      <Filter>Main</Filter>
    </ClCompile>
    <ClCompile Include="ThreadManager.cpp">
      <Filter>Thread</Filter>
    </ClCompile>
    <ClCompile Include="Lock.cpp">
      <Filter>Network\Lock</Filter>
    </ClCompile>
    <ClCompile Include="DeadLockProfiler.cpp">
      <Filter>Network\Lock</Filter>
    </ClCompile>
    <ClCompile Include="RefCounting.cpp">
      <Filter>Memory</Filter>
    </ClCompile>
    <ClCompile Include="Memory.cpp">
      <Filter>Memory</Filter>
    </ClCompile>
    <ClCompile Include="Allocator.cpp">
      <Filter>Memory</Filter>
    </ClCompile>
    <ClCompile Include="MemoryPool.cpp">
      <Filter>Memory</Filter>
    </ClCompile>
    <ClCompile Include="SocketUtils.cpp">
      <Filter>Network\Socket</Filter>
    </ClCompile>
    <ClCompile Include="NetAddress.cpp">
      <Filter>Network</Filter>
    </ClCompile>
    <ClCompile Include="IocpCore.cpp">
      <Filter>Network\Server</Filter>
    </ClCompile>
    <ClCompile Include="IocpEvent.cpp">
      <Filter>Network\Server</Filter>
    </ClCompile>
    <ClCompile Include="Listener.cpp">
      <Filter>Network\Socket</Filter>
    </ClCompile>
    <ClCompile Include="Session.cpp">
      <Filter>Network\Session</Filter>
    </ClCompile>
    <ClCompile Include="Service.cpp">
      <Filter>Network\Service</Filter>
    </ClCompile>
    <ClCompile Include="RecvBuffer.cpp">
      <Filter>Network\Buffer</Filter>
    </ClCompile>
    <ClCompile Include="SendBuffer.cpp">
      <Filter>Network\Buffer</Filter>
    </ClCompile>
    <ClCompile Include="PacketSession.cpp">
      <Filter>Network\Session</Filter>
    </ClCompile>
  </ItemGroup>
</Project>